lockfileVersion: 5.4

specifiers:
  react-use-websocket: ^3
  typescript: ^4.9.4

dependencies:
  react-use-websocket: 3.0.0

devDependencies:
  typescript: 4.9.4

packages:

  /react-use-websocket/3.0.0:
    resolution: {integrity: sha512-BInlbhXYrODBPKIplDAmI0J1VPM+1KhCLN09o+dzgQ8qMyrYs4t5kEYmCrTqyRuMTmpahylHFZWQXpfYyDkqOw==}
    peerDependencies:
      react: '>= 16.8.0'
      react-dom: '>= 16.8.0'
    dev: false

  /typescript/4.9.4:
    resolution: {integrity: sha512-Uz+dTXYzxXXbsFpM86Wh3dKCxrQqUcVMxwU54orwlJjOpO3ao8L7j5lH+dWfTwgCwIuM9GQ2kvVotzYJMXTBZg==}
    engines: {node: '>=4.2.0'}
    hasBin: true
    dev: true
